<Solution>
  <Folder Name="/.nuget/">
    <File Path=".nuget/packages.config" />
  </Folder>
  <Folder Name="/build/">
    <File Path="build/build-and-test.yml" />
    <File Path="build/build.ps1" />
    <File Path="build/opencover-report.ps1" />
    <File Path="build/test.yml" />
    <File Path="StyleCop.Analyzers/Directory.Build.props" />
    <File Path="StyleCop.Analyzers/Directory.Build.targets" />
  </Folder>
  <Folder Name="/documentation/">
    <File Path="documentation/AlternativeRules.md" />
    <File Path="documentation/Configuration.md" />
    <File Path="documentation/DocumentationRules.md" />
    <File Path="documentation/DotNetCli.md" />
    <File Path="documentation/EnableConfiguration.md" />
    <File Path="documentation/KnownChanges.md" />
    <File Path="documentation/LayoutRules.md" />
    <File Path="documentation/MaintainabilityRules.md" />
    <File Path="documentation/NamingRules.md" />
    <File Path="documentation/OrderingRules.md" />
    <File Path="documentation/ReadabilityRules.md" />
    <File Path="documentation/SA0001.md" />
    <File Path="documentation/SA0002.md" />
    <File Path="documentation/SA1000.md" />
    <File Path="documentation/SA1001.md" />
    <File Path="documentation/SA1002.md" />
    <File Path="documentation/SA1003.md" />
    <File Path="documentation/SA1004.md" />
    <File Path="documentation/SA1005.md" />
    <File Path="documentation/SA1006.md" />
    <File Path="documentation/SA1007.md" />
    <File Path="documentation/SA1008.md" />
    <File Path="documentation/SA1009.md" />
    <File Path="documentation/SA1010.md" />
    <File Path="documentation/SA1011.md" />
    <File Path="documentation/SA1012.md" />
    <File Path="documentation/SA1013.md" />
    <File Path="documentation/SA1014.md" />
    <File Path="documentation/SA1015.md" />
    <File Path="documentation/SA1016.md" />
    <File Path="documentation/SA1017.md" />
    <File Path="documentation/SA1018.md" />
    <File Path="documentation/SA1019.md" />
    <File Path="documentation/SA1020.md" />
    <File Path="documentation/SA1021.md" />
    <File Path="documentation/SA1022.md" />
    <File Path="documentation/SA1023.md" />
    <File Path="documentation/SA1024.md" />
    <File Path="documentation/SA1025.md" />
    <File Path="documentation/SA1026.md" />
    <File Path="documentation/SA1027.md" />
    <File Path="documentation/SA1028.md" />
    <File Path="documentation/SA1100.md" />
    <File Path="documentation/SA1101.md" />
    <File Path="documentation/SA1102.md" />
    <File Path="documentation/SA1103.md" />
    <File Path="documentation/SA1104.md" />
    <File Path="documentation/SA1105.md" />
    <File Path="documentation/SA1106.md" />
    <File Path="documentation/SA1107.md" />
    <File Path="documentation/SA1108.md" />
    <File Path="documentation/SA1109.md" />
    <File Path="documentation/SA1110.md" />
    <File Path="documentation/SA1111.md" />
    <File Path="documentation/SA1112.md" />
    <File Path="documentation/SA1113.md" />
    <File Path="documentation/SA1114.md" />
    <File Path="documentation/SA1115.md" />
    <File Path="documentation/SA1116.md" />
    <File Path="documentation/SA1117.md" />
    <File Path="documentation/SA1118.md" />
    <File Path="documentation/SA1119.md" />
    <File Path="documentation/SA1120.md" />
    <File Path="documentation/SA1121.md" />
    <File Path="documentation/SA1122.md" />
    <File Path="documentation/SA1123.md" />
    <File Path="documentation/SA1124.md" />
    <File Path="documentation/SA1125.md" />
    <File Path="documentation/SA1126.md" />
    <File Path="documentation/SA1127.md" />
    <File Path="documentation/SA1128.md" />
    <File Path="documentation/SA1129.md" />
    <File Path="documentation/SA1130.md" />
    <File Path="documentation/SA1131.md" />
    <File Path="documentation/SA1132.md" />
    <File Path="documentation/SA1133.md" />
    <File Path="documentation/SA1134.md" />
    <File Path="documentation/SA1135.md" />
    <File Path="documentation/SA1136.md" />
    <File Path="documentation/SA1137.md" />
    <File Path="documentation/SA1139.md" />
    <File Path="documentation/SA1141.md" />
    <File Path="documentation/SA1142.md" />
    <File Path="documentation/SA1200.md" />
    <File Path="documentation/SA1201.md" />
    <File Path="documentation/SA1202.md" />
    <File Path="documentation/SA1203.md" />
    <File Path="documentation/SA1204.md" />
    <File Path="documentation/SA1205.md" />
    <File Path="documentation/SA1206.md" />
    <File Path="documentation/SA1207.md" />
    <File Path="documentation/SA1208.md" />
    <File Path="documentation/SA1209.md" />
    <File Path="documentation/SA1210.md" />
    <File Path="documentation/SA1211.md" />
    <File Path="documentation/SA1212.md" />
    <File Path="documentation/SA1213.md" />
    <File Path="documentation/SA1214.md" />
    <File Path="documentation/SA1215.md" />
    <File Path="documentation/SA1216.md" />
    <File Path="documentation/SA1217.md" />
    <File Path="documentation/SA1300.md" />
    <File Path="documentation/SA1301.md" />
    <File Path="documentation/SA1302.md" />
    <File Path="documentation/SA1303.md" />
    <File Path="documentation/SA1304.md" />
    <File Path="documentation/SA1305.md" />
    <File Path="documentation/SA1306.md" />
    <File Path="documentation/SA1307.md" />
    <File Path="documentation/SA1308.md" />
    <File Path="documentation/SA1309.md" />
    <File Path="documentation/SA1310.md" />
    <File Path="documentation/SA1311.md" />
    <File Path="documentation/SA1312.md" />
    <File Path="documentation/SA1313.md" />
    <File Path="documentation/SA1314.md" />
    <File Path="documentation/SA1316.md" />
    <File Path="documentation/SA1400.md" />
    <File Path="documentation/SA1401.md" />
    <File Path="documentation/SA1402.md" />
    <File Path="documentation/SA1403.md" />
    <File Path="documentation/SA1404.md" />
    <File Path="documentation/SA1405.md" />
    <File Path="documentation/SA1406.md" />
    <File Path="documentation/SA1407.md" />
    <File Path="documentation/SA1408.md" />
    <File Path="documentation/SA1409.md" />
    <File Path="documentation/SA1410.md" />
    <File Path="documentation/SA1411.md" />
    <File Path="documentation/SA1412.md" />
    <File Path="documentation/SA1413.md" />
    <File Path="documentation/SA1414.md" />
    <File Path="documentation/SA1500.md" />
    <File Path="documentation/SA1501.md" />
    <File Path="documentation/SA1502.md" />
    <File Path="documentation/SA1503.md" />
    <File Path="documentation/SA1504.md" />
    <File Path="documentation/SA1505.md" />
    <File Path="documentation/SA1506.md" />
    <File Path="documentation/SA1507.md" />
    <File Path="documentation/SA1508.md" />
    <File Path="documentation/SA1509.md" />
    <File Path="documentation/SA1510.md" />
    <File Path="documentation/SA1511.md" />
    <File Path="documentation/SA1512.md" />
    <File Path="documentation/SA1513.md" />
    <File Path="documentation/SA1514.md" />
    <File Path="documentation/SA1515.md" />
    <File Path="documentation/SA1516.md" />
    <File Path="documentation/SA1517.md" />
    <File Path="documentation/SA1518.md" />
    <File Path="documentation/SA1519.md" />
    <File Path="documentation/SA1520.md" />
    <File Path="documentation/SA1600.md" />
    <File Path="documentation/SA1601.md" />
    <File Path="documentation/SA1602.md" />
    <File Path="documentation/SA1603.md" />
    <File Path="documentation/SA1604.md" />
    <File Path="documentation/SA1605.md" />
    <File Path="documentation/SA1606.md" />
    <File Path="documentation/SA1607.md" />
    <File Path="documentation/SA1608.md" />
    <File Path="documentation/SA1609.md" />
    <File Path="documentation/SA1610.md" />
    <File Path="documentation/SA1611.md" />
    <File Path="documentation/SA1612.md" />
    <File Path="documentation/SA1613.md" />
    <File Path="documentation/SA1614.md" />
    <File Path="documentation/SA1615.md" />
    <File Path="documentation/SA1616.md" />
    <File Path="documentation/SA1617.md" />
    <File Path="documentation/SA1618.md" />
    <File Path="documentation/SA1619.md" />
    <File Path="documentation/SA1620.md" />
    <File Path="documentation/SA1621.md" />
    <File Path="documentation/SA1622.md" />
    <File Path="documentation/SA1623.md" />
    <File Path="documentation/SA1624.md" />
    <File Path="documentation/SA1625.md" />
    <File Path="documentation/SA1626.md" />
    <File Path="documentation/SA1627.md" />
    <File Path="documentation/SA1628.md" />
    <File Path="documentation/SA1629.md" />
    <File Path="documentation/SA1630.md" />
    <File Path="documentation/SA1631.md" />
    <File Path="documentation/SA1632.md" />
    <File Path="documentation/SA1633.md" />
    <File Path="documentation/SA1634.md" />
    <File Path="documentation/SA1635.md" />
    <File Path="documentation/SA1636.md" />
    <File Path="documentation/SA1637.md" />
    <File Path="documentation/SA1638.md" />
    <File Path="documentation/SA1639.md" />
    <File Path="documentation/SA1640.md" />
    <File Path="documentation/SA1641.md" />
    <File Path="documentation/SA1642.md" />
    <File Path="documentation/SA1643.md" />
    <File Path="documentation/SA1644.md" />
    <File Path="documentation/SA1645.md" />
    <File Path="documentation/SA1646.md" />
    <File Path="documentation/SA1647.md" />
    <File Path="documentation/SA1648.md" />
    <File Path="documentation/SA1649.md" />
    <File Path="documentation/SA1650.md" />
    <File Path="documentation/SA1651.md" />
    <File Path="documentation/SA1652.md" />
    <File Path="documentation/SpacingRules.md" />
    <File Path="documentation/SpecialRules.md" />
    <File Path="documentation/SX1101.md" />
    <File Path="documentation/SX1309.md" />
    <File Path="documentation/SX1309S.md" />
  </Folder>
  <Folder Name="/Solution Items/">
    <File Path=".codecov.yml" />
    <File Path=".editorconfig" />
    <File Path="appveyor.yml" />
    <File Path="CONTRIBUTING.md" />
    <File Path="LICENSE" />
    <File Path="README.md" />
    <File Path="THIRD-PARTY-NOTICES.txt" />
  </Folder>
  <Project Path="StyleCop.Analyzers/StyleCop.Analyzers.CodeFixes/StyleCop.Analyzers.CodeFixes.csproj" />
  <Project Path="StyleCop.Analyzers/StyleCop.Analyzers.CodeGeneration/StyleCop.Analyzers.CodeGeneration.csproj" />
  <Project Path="StyleCop.Analyzers/StyleCop.Analyzers.PrivateAnalyzers/StyleCop.Analyzers.PrivateAnalyzers.csproj" />
  <Project Path="StyleCop.Analyzers/StyleCop.Analyzers.PrivateCodeFixes/StyleCop.Analyzers.PrivateCodeFixes.csproj" />
  <Project Path="StyleCop.Analyzers/StyleCop.Analyzers.Status.Generator/StyleCop.Analyzers.Status.Generator.csproj">
    <BuildDependency Project="StyleCop.Analyzers/StyleCop.Analyzers.CodeFixes/StyleCop.Analyzers.CodeFixes.csproj" />
    <BuildDependency Project="StyleCop.Analyzers/StyleCop.Analyzers/StyleCop.Analyzers.csproj" />
  </Project>
  <Project Path="StyleCop.Analyzers/StyleCop.Analyzers.Test.CSharp10/StyleCop.Analyzers.Test.CSharp10.csproj" />
  <Project Path="StyleCop.Analyzers/StyleCop.Analyzers.Test.CSharp11/StyleCop.Analyzers.Test.CSharp11.csproj" />
  <Project Path="StyleCop.Analyzers/StyleCop.Analyzers.Test.CSharp12/StyleCop.Analyzers.Test.CSharp12.csproj" />
  <Project Path="StyleCop.Analyzers/StyleCop.Analyzers.Test.CSharp13/StyleCop.Analyzers.Test.CSharp13.csproj" />
  <Project Path="StyleCop.Analyzers/StyleCop.Analyzers.Test.CSharp7/StyleCop.Analyzers.Test.CSharp7.csproj" />
  <Project Path="StyleCop.Analyzers/StyleCop.Analyzers.Test.CSharp8/StyleCop.Analyzers.Test.CSharp8.csproj" />
  <Project Path="StyleCop.Analyzers/StyleCop.Analyzers.Test.CSharp9/StyleCop.Analyzers.Test.CSharp9.csproj" />
  <Project Path="StyleCop.Analyzers/StyleCop.Analyzers.Test/StyleCop.Analyzers.Test.csproj" />
  <Project Path="StyleCop.Analyzers/StyleCop.Analyzers/StyleCop.Analyzers.csproj" />
  <Project Path="StyleCop.Analyzers/StyleCopTester/StyleCopTester.csproj" />
</Solution>
